
Microsoft Visual Studio Solution File, Format Version 12.00
# Visual Studio Version 17
VisualStudioVersion = 17.14.36414.22
MinimumVisualStudioVersion = 10.0.40219.1
Project("{FAE04EC0-301F-11D3-BF4B-00C04F79EFBC}") = "MyPlatform.McpServer", "MyPlatform.McpServer\MyPlatform.McpServer.csproj", "{F4052DB4-4B96-CD1E-E7B2-CA47E6F14402}"
EndProject
Project("{FAE04EC0-301F-11D3-BF4B-00C04F79EFBC}") = "MyPlatform.Models", "MyPlatform.Models\MyPlatform.Models.csproj", "{12268072-D3E6-BAC6-BFC3-4935BBC2E32C}"
EndProject
Project("{FAE04EC0-301F-11D3-BF4B-00C04F79EFBC}") = "MyPlatform.Infrastructure", "MyPlatform.Infrastructure\MyPlatform.Infrastructure.csproj", "{98AAEE07-3C16-422F-AC88-A80B10FE7B54}"
EndProject
Global
	GlobalSection(SolutionConfigurationPlatforms) = preSolution
		Debug|Any CPU = Debug|Any CPU
		Release|Any CPU = Release|Any CPU
	EndGlobalSection
	GlobalSection(ProjectConfigurationPlatforms) = postSolution
		{F4052DB4-4B96-CD1E-E7B2-CA47E6F14402}.Debug|Any CPU.ActiveCfg = Debug|Any CPU
		{F4052DB4-4B96-CD1E-E7B2-CA47E6F14402}.Debug|Any CPU.Build.0 = Debug|Any CPU
		{F4052DB4-4B96-CD1E-E7B2-CA47E6F14402}.Release|Any CPU.ActiveCfg = Release|Any CPU
		{F4052DB4-4B96-CD1E-E7B2-CA47E6F14402}.Release|Any CPU.Build.0 = Release|Any CPU
		{12268072-D3E6-BAC6-BFC3-4935BBC2E32C}.Debug|Any CPU.ActiveCfg = Debug|Any CPU
		{12268072-D3E6-BAC6-BFC3-4935BBC2E32C}.Debug|Any CPU.Build.0 = Debug|Any CPU
		{12268072-D3E6-BAC6-BFC3-4935BBC2E32C}.Release|Any CPU.ActiveCfg = Release|Any CPU
		{12268072-D3E6-BAC6-BFC3-4935BBC2E32C}.Release|Any CPU.Build.0 = Release|Any CPU
		{98AAEE07-3C16-422F-AC88-A80B10FE7B54}.Debug|Any CPU.ActiveCfg = Debug|Any CPU
		{98AAEE07-3C16-422F-AC88-A80B10FE7B54}.Debug|Any CPU.Build.0 = Debug|Any CPU
		{98AAEE07-3C16-422F-AC88-A80B10FE7B54}.Release|Any CPU.ActiveCfg = Release|Any CPU
		{98AAEE07-3C16-422F-AC88-A80B10FE7B54}.Release|Any CPU.Build.0 = Release|Any CPU
	EndGlobalSection
	GlobalSection(SolutionProperties) = preSolution
		HideSolutionNode = FALSE
	EndGlobalSection
	GlobalSection(ExtensibilityGlobals) = postSolution
		SolutionGuid = {8BBEAF71-D183-48BD-8DF2-E87AF1D7931D}
	EndGlobalSection
EndGlobal
